Microsoft Visual Studio Solution File, Format Version 12.00
# Visual Studio Version 17
VisualStudioVersion = 17.5.2.0
MinimumVisualStudioVersion = 10.0.40219.1
Project("{FAE04EC0-301F-11D3-BF4B-00C04F79EFBC}") = "level", "level.csproj", "{6591B222-C581-811E-CE37-83546393EDBE}"
EndProject
Global
	GlobalSection(SolutionConfigurationPlatforms) = preSolution
		Debug|Any CPU = Debug|Any CPU
		Release|Any CPU = Release|Any CPU
	EndGlobalSection
	GlobalSection(ProjectConfigurationPlatforms) = postSolution
		{6591B222-C581-811E-CE37-83546393EDBE}.Debug|Any CPU.ActiveCfg = Debug|Any CPU
		{6591B222-C581-811E-CE37-83546393EDBE}.Debug|Any CPU.Build.0 = Debug|Any CPU
		{6591B222-C581-811E-CE37-83546393EDBE}.Release|Any CPU.ActiveCfg = Release|Any CPU
		{6591B222-C581-811E-CE37-83546393EDBE}.Release|Any CPU.Build.0 = Release|Any CPU
	EndGlobalSection
	GlobalSection(SolutionProperties) = preSolution
		HideSolutionNode = FALSE
	EndGlobalSection
	GlobalSection(ExtensibilityGlobals) = postSolution
		SolutionGuid = {6153E872-39EC-40E5-90FE-F4C62C3FF57C}
	EndGlobalSection
EndGlobal
